Microsoft Visual Studio Solution File, Format Version 12.00
# Visual Studio Version 17
VisualStudioVersion = 17.13.35931.197
MinimumVisualStudioVersion = 10.0.40219.1
Project("{FAE04EC0-301F-11D3-BF4B-00C04F79EFBC}") = "Timer", "Timer.csproj", "{F000658A-3671-4B90-88F9-0E23BC167902}"
EndProject
Global
	GlobalSection(SolutionConfigurationPlatforms) = preSolution
		Debug|Any CPU = Debug|Any CPU
		Release|Any CPU = Release|Any CPU
	EndGlobalSection
	GlobalSection(ProjectConfigurationPlatforms) = postSolution
		{F000658A-3671-4B90-88F9-0E23BC167902}.Debug|Any CPU.ActiveCfg = Debug|Any CPU
		{F000658A-3671-4B90-88F9-0E23BC167902}.Debug|Any CPU.Build.0 = Debug|Any CPU
		{F000658A-3671-4B90-88F9-0E23BC167902}.Release|Any CPU.ActiveCfg = Release|Any CPU
		{F000658A-3671-4B90-88F9-0E23BC167902}.Release|Any CPU.Build.0 = Release|Any CPU
	EndGlobalSection
	GlobalSection(SolutionProperties) = preSolution
		HideSolutionNode = FALSE
	EndGlobalSection
	GlobalSection(ExtensibilityGlobals) = postSolution
		SolutionGuid = {1C25227E-12A6-41B8-A2D3-A2FD72CFB8E4}
	EndGlobalSection
EndGlobal
